
Microsoft Visual Studio Solution File, Format Version 12.00
# Visual Studio Version 16
VisualStudioVersion = 16.0.31624.102
MinimumVisualStudioVersion = 10.0.40219.1
Project("{8BC9CEB8-8B4A-11D0-8D11-00A0C91BC942}") = "Hospital_managment_System", "Hospital_managment_System\Hospital_managment_System.vcxproj", "{52BC446E-B103-4A04-8C00-5142CA0C56C8}"
EndProject
Global
	GlobalSection(SolutionConfigurationPlatforms) = preSolution
		Debug|x64 = Debug|x64
		Debug|x86 = Debug|x86
		Release|x64 = Release|x64
		Release|x86 = Release|x86
	EndGlobalSection
	GlobalSection(ProjectConfigurationPlatforms) = postSolution
		{52BC446E-B103-4A04-8C00-5142CA0C56C8}.Debug|x64.ActiveCfg = Debug|x64
		{52BC446E-B103-4A04-8C00-5142CA0C56C8}.Debug|x64.Build.0 = Debug|x64
		{52BC446E-B103-4A04-8C00-5142CA0C56C8}.Debug|x86.ActiveCfg = Debug|Win32
		{52BC446E-B103-4A04-8C00-5142CA0C56C8}.Debug|x86.Build.0 = Debug|Win32
		{52BC446E-B103-4A04-8C00-5142CA0C56C8}.Release|x64.ActiveCfg = Release|x64
		{52BC446E-B103-4A04-8C00-5142CA0C56C8}.Release|x64.Build.0 = Release|x64
		{52BC446E-B103-4A04-8C00-5142CA0C56C8}.Release|x86.ActiveCfg = Release|Win32
		{52BC446E-B103-4A04-8C00-5142CA0C56C8}.Release|x86.Build.0 = Release|Win32
	EndGlobalSection
	GlobalSection(SolutionProperties) = preSolution
		HideSolutionNode = FALSE
	EndGlobalSection
	GlobalSection(ExtensibilityGlobals) = postSolution
		SolutionGuid = {532CBD89-6468-4AC6-9E28-BB3381EC0927}
	EndGlobalSection
EndGlobal
